// !$*UTF8*$!
{
	archiveVersion = 1;
	classes = {
	};
	objectVersion = 50;
	objects = {

/* Begin PBXBuildFile section */
		865A56F02614289C00D0ED66 /* AppDelegate.swift in Sources */ = {isa = PBXBuildFile; fileRef = 865A56EF2614289C00D0ED66 /* AppDelegate.swift */; };
		865A56F42614289C00D0ED66 /* ViewController.swift in Sources */ = {isa = PBXBuildFile; fileRef = 865A56F32614289C00D0ED66 /* ViewController.swift */; };
		865A56F72614289C00D0ED66 /* Main.storyboard in Resources */ = {isa = PBXBuildFile; fileRef = 865A56F52614289C00D0ED66 /* Main.storyboard */; };
		865A56F92614289F00D0ED66 /* Assets.xcassets in Resources */ = {isa = PBXBuildFile; fileRef = 865A56F82614289F00D0ED66 /* Assets.xcassets */; };
		865A56FC2614289F00D0ED66 /* LaunchScreen.storyboard in Resources */ = {isa = PBXBuildFile; fileRef = 865A56FA2614289F00D0ED66 /* LaunchScreen.storyboard */; };
		8B8B8DF764349BF9CE636E69 /* Pods_KLNativeAddFlutter.framework in Frameworks */ = {isa = PBXBuildFile; fileRef = B013EA313B31F16BB422F48A /* Pods_KLNativeAddFlutter.framework */; };
/* End PBXBuildFile section */

/* Begin PBXFileReference section */
		865A56EC2614289C00D0ED66 /* KLNativeAddFlutter.app */ = {isa = PBXFileReference; explicitFileType = wrapper.application; includeInIndex = 0; path = KLNativeAddFlutter.app; sourceTree = BUILT_PRODUCTS_DIR; };
		865A56EF2614289C00D0ED66 /* AppDelegate.swift */ = {isa = PBXFileReference; lastKnownFileType = sourcecode.swift; path = AppDelegate.swift; sourceTree = "<group>"; };
		865A56F32614289C00D0ED66 /* ViewController.swift */ = {isa = PBXFileReference; lastKnownFileType = sourcecode.swift; path = ViewController.swift; sourceTree = "<group>"; };
		865A56F62614289C00D0ED66 /* Base */ = {isa = PBXFileReference; lastKnownFileType = file.storyboard; name = Base; path = Base.lproj/Main.storyboard; sourceTree = "<group>"; };
		865A56F82614289F00D0ED66 /* Assets.xcassets */ = {isa = PBXFileReference; lastKnownFileType = folder.assetcatalog; path = Assets.xcassets; sourceTree = "<group>"; };
		865A56FB2614289F00D0ED66 /* Base */ = {isa = PBXFileReference; lastKnownFileType = file.storyboard; name = Base; path = Base.lproj/LaunchScreen.storyboard; sourceTree = "<group>"; };
		865A56FD2614289F00D0ED66 /* Info.plist */ = {isa = PBXFileReference; lastKnownFileType = text.plist.xml; path = Info.plist; sourceTree = "<group>"; };
		88624228FEB8FCF3853C0E42 /* Pods-KLNativeAddFlutter.debug.xcconfig */ = {isa = PBXFileReference; includeInIndex = 1; lastKnownFileType = text.xcconfig; name = "Pods-KLNativeAddFlutter.debug.xcconfig"; path = "Target Support Files/Pods-KLNativeAddFlutter/Pods-KLNativeAddFlutter.debug.xcconfig"; sourceTree = "<group>"; };
		AEBD1A4484C2A7D5E9F58029 /* Pods-KLNativeAddFlutter.release.xcconfig */ = {isa = PBXFileReference; includeInIndex = 1; lastKnownFileType = text.xcconfig; name = "Pods-KLNativeAddFlutter.release.xcconfig"; path = "Target Support Files/Pods-KLNativeAddFlutter/Pods-KLNativeAddFlutter.release.xcconfig"; sourceTree = "<group>"; };
		B013EA313B31F16BB422F48A /* Pods_KLNativeAddFlutter.framework */ = {isa = PBXFileReference; explicitFileType = wrapper.framework; includeInIndex = 0; path = Pods_KLNativeAddFlutter.framework; sourceTree = BUILT_PRODUCTS_DIR; };
/* End PBXFileReference section */

/* Begin PBXFrameworksBuildPhase section */
		865A56E92614289C00D0ED66 /* Frameworks */ = {
			isa = PBXFrameworksBuildPhase;
			buildActionMask = 2147483647;
			files = (
				8B8B8DF764349BF9CE636E69 /* Pods_KLNativeAddFlutter.framework in Frameworks */,
			);
			runOnlyForDeploymentPostprocessing = 0;
		};
/* End PBXFrameworksBuildPhase section */

/* Begin PBXGroup section */
		16191BF61D4B62A1C9BC1382 /* Pods */ = {
			isa = PBXGroup;
			children = (
				88624228FEB8FCF3853C0E42 /* Pods-KLNativeAddFlutter.debug.xcconfig */,
				AEBD1A4484C2A7D5E9F58029 /* Pods-KLNativeAddFlutter.release.xcconfig */,
			);
			name = Pods;
			path = Pods;
			sourceTree = "<group>";
		};
		865A56E32614289C00D0ED66 = {
			isa = PBXGroup;
			children = (
				865A56EE2614289C00D0ED66 /* KLNativeAddFlutter */,
				865A56ED2614289C00D0ED66 /* Products */,
				16191BF61D4B62A1C9BC1382 /* Pods */,
				D03372FAD61E4051CD340EAA /* Frameworks */,
			);
			sourceTree = "<group>";
		};
		865A56ED2614289C00D0ED66 /* Products */ = {
			isa = PBXGroup;
			children = (
				865A56EC2614289C00D0ED66 /* KLNativeAddFlutter.app */,
			);
			name = Products;
			sourceTree = "<group>";
		};
		865A56EE2614289C00D0ED66 /* KLNativeAddFlutter */ = {
			isa = PBXGroup;
			children = (
				865A56EF2614289C00D0ED66 /* AppDelegate.swift */,
				865A56F32614289C00D0ED66 /* ViewController.swift */,
				865A56F52614289C00D0ED66 /* Main.storyboard */,
				865A56F82614289F00D0ED66 /* Assets.xcassets */,
				865A56FA2614289F00D0ED66 /* LaunchScreen.storyboard */,
				865A56FD2614289F00D0ED66 /* Info.plist */,
			);
			path = KLNativeAddFlutter;
			sourceTree = "<group>";
		};
		D03372FAD61E4051CD340EAA /* Frameworks */ = {
			isa = PBXGroup;
			children = (
				B013EA313B31F16BB422F48A /* Pods_KLNativeAddFlutter.framework */,
			);
			name = Frameworks;
			sourceTree = "<group>";
		};
/* End PBXGroup section */

/* Begin PBXNativeTarget section */
		865A56EB2614289C00D0ED66 /* KLNativeAddFlutter */ = {
			isa = PBXNativeTarget;
			buildConfigurationList = 865A57002614289F00D0ED66 /* Build configuration list for PBXNativeTarget "KLNativeAddFlutter" */;
			buildPhases = (
				7C6D9439412D8945E94CDCDD /* [CP] Check Pods Manifest.lock */,
				5703A21394CA9A5B70659122 /* [CP-User] Run Flutter Build my_flutter Script */,
				865A56E82614289C00D0ED66 /* Sources */,
				865A56E92614289C00D0ED66 /* Frameworks */,
				865A56EA2614289C00D0ED66 /* Resources */,
				AF76139325F81E6370E13BCB /* [CP] Embed Pods Frameworks */,
			);
			buildRules = (
			);
			dependencies = (
			);
			name = KLNativeAddFlutter;
			productName = KLNativeAddFlutter;
			productReference = 865A56EC2614289C00D0ED66 /* KLNativeAddFlutter.app */;
			productType = "com.apple.product-type.application";
		};
/* End PBXNativeTarget section */

/* Begin PBXProject section */
		865A56E42614289C00D0ED66 /* Project object */ = {
			isa = PBXProject;
			attributes = {
				LastSwiftUpdateCheck = 1220;
				LastUpgradeCheck = 1220;
				TargetAttributes = {
					865A56EB2614289C00D0ED66 = {
						CreatedOnToolsVersion = 12.2;
					};
				};
			};
			buildConfigurationList = 865A56E72614289C00D0ED66 /* Build configuration list for PBXProject "KLNativeAddFlutter" */;
			compatibilityVersion = "Xcode 9.3";
			developmentRegion = en;
			hasScannedForEncodings = 0;
			knownRegions = (
				en,
				Base,
			);
			mainGroup = 865A56E32614289C00D0ED66;
			productRefGroup = 865A56ED2614289C00D0ED66 /* Products */;
			projectDirPath = "";
			projectRoot = "";
			targets = (
				865A56EB2614289C00D0ED66 /* KLNativeAddFlutter */,
			);
		};
/* End PBXProject section */

/* Begin PBXResourcesBuildPhase section */
		865A56EA2614289C00D0ED66 /* Resources */ = {
			isa = PBXResourcesBuildPhase;
			buildActionMask = 2147483647;
			files = (
				865A56FC2614289F00D0ED66 /* LaunchScreen.storyboard in Resources */,
				865A56F92614289F00D0ED66 /* Assets.xcassets in Resources */,
				865A56F72614289C00D0ED66 /* Main.storyboard in Resources */,
			);
			runOnlyForDeploymentPostprocessing = 0;
		};
/* End PBXResourcesBuildPhase section */

/* Begin PBXShellScriptBuildPhase section */
		5703A21394CA9A5B70659122 /* [CP-User] Run Flutter Build my_flutter Script */ = {
			isa = PBXShellScriptBuildPhase;
			buildActionMask = 2147483647;
			files = (
			);
			name = "[CP-User] Run Flutter Build my_flutter Script";
			runOnlyForDeploymentPostprocessing = 0;
			shellPath = /bin/sh;
			shellScript = "set -e\nset -u\nsource \"${SRCROOT}/my_flutter/.ios/Flutter/flutter_export_environment.sh\"\nexport VERBOSE_SCRIPT_LOGGING=1 && \"$FLUTTER_ROOT\"/packages/flutter_tools/bin/xcode_backend.sh build";
		};
		7C6D9439412D8945E94CDCDD /* [CP] Check Pods Manifest.lock */ = {
			isa = PBXShellScriptBuildPhase;
			buildActionMask = 2147483647;
			files = (
			);
			inputFileListPaths = (
			);
			inputPaths = (
				"${PODS_PODFILE_DIR_PATH}/Podfile.lock",
				"${PODS_ROOT}/Manifest.lock",
			);
			name = "[CP] Check Pods Manifest.lock";
			outputFileListPaths = (
			);
			outputPaths = (
				"$(DERIVED_FILE_DIR)/Pods-KLNativeAddFlutter-checkManifestLockResult.txt",
			);
			runOnlyForDeploymentPostprocessing = 0;
			shellPath = /bin/sh;
			shellScript = "diff \"${PODS_PODFILE_DIR_PATH}/Podfile.lock\" \"${PODS_ROOT}/Manifest.lock\" > /dev/null\nif [ $? != 0 ] ; then\n    # print error to STDERR\n    echo \"error: The sandbox is not in sync with the Podfile.lock. Run 'pod install' or update your CocoaPods installation.\" >&2\n    exit 1\nfi\n# This output is used by Xcode 'outputs' to avoid re-running this script phase.\necho \"SUCCESS\" > \"${SCRIPT_OUTPUT_FILE_0}\"\n";
			showEnvVarsInLog = 0;
		};
		AF76139325F81E6370E13BCB /* [CP] Embed Pods Frameworks */ = {
			isa = PBXShellScriptBuildPhase;
			buildActionMask = 2147483647;
			files = (
			);
			inputFileListPaths = (
				"${PODS_ROOT}/Target Support Files/Pods-KLNativeAddFlutter/Pods-KLNativeAddFlutter-frameworks-${CONFIGURATION}-input-files.xcfilelist",
			);
			name = "[CP] Embed Pods Frameworks";
			outputFileListPaths = (
				"${PODS_ROOT}/Target Support Files/Pods-KLNativeAddFlutter/Pods-KLNativeAddFlutter-frameworks-${CONFIGURATION}-output-files.xcfilelist",
			);
			runOnlyForDeploymentPostprocessing = 0;
			shellPath = /bin/sh;
			shellScript = "\"${PODS_ROOT}/Target Support Files/Pods-KLNativeAddFlutter/Pods-KLNativeAddFlutter-frameworks.sh\"\n";
			showEnvVarsInLog = 0;
		};
/* End PBXShellScriptBuildPhase section */

/* Begin PBXSourcesBuildPhase section */
		865A56E82614289C00D0ED66 /* Sources */ = {
			isa = PBXSourcesBuildPhase;
			buildActionMask = 2147483647;
			files = (
				865A56F42614289C00D0ED66 /* ViewController.swift in Sources */,
				865A56F02614289C00D0ED66 /* AppDelegate.swift in Sources */,
			);
			runOnlyForDeploymentPostprocessing = 0;
		};
/* End PBXSourcesBuildPhase section */

/* Begin PBXVariantGroup section */
		865A56F52614289C00D0ED66 /* Main.storyboard */ = {
			isa = PBXVariantGroup;
			children = (
				865A56F62614289C00D0ED66 /* Base */,
			);
			name = Main.storyboard;
			sourceTree = "<group>";
		};
		865A56FA2614289F00D0ED66 /* LaunchScreen.storyboard */ = {
			isa = PBXVariantGroup;
			children = (
				865A56FB2614289F00D0ED66 /* Base */,
			);
			name = LaunchScreen.storyboard;
			sourceTree = "<group>";
		};
/* End PBXVariantGroup section */

/* Begin XCBuildConfiguration section */
		865A56FE2614289F00D0ED66 /* Debug */ = {
			isa = XCBuildConfiguration;
			buildSettings = {
				ALWAYS_SEARCH_USER_PATHS = NO;
				CLANG_ANALYZER_NONNULL = YES;
				CLANG_ANALYZER_NUMBER_OBJECT_CONVERSION = YES_AGGRESSIVE;
				CLANG_CXX_LANGUAGE_STANDARD = "gnu++14";
				CLANG_CXX_LIBRARY = "libc++";
				CLANG_ENABLE_MODULES = YES;
				CLANG_ENABLE_OBJC_ARC = YES;
				CLANG_ENABLE_OBJC_WEAK = YES;
				CLANG_WARN_BLOCK_CAPTURE_AUTORELEASING = YES;
				CLANG_WARN_BOOL_CONVERSION = YES;
				CLANG_WARN_COMMA = YES;
				CLANG_WARN_CONSTANT_CONVERSION = YES;
				CLANG_WARN_DEPRECATED_OBJC_IMPLEMENTATIONS = YES;
				CLANG_WARN_DIRECT_OBJC_ISA_USAGE = YES_ERROR;
				CLANG_WARN_DOCUMENTATION_COMMENTS = YES;
				CLANG_WARN_EMPTY_BODY = YES;
				CLANG_WARN_ENUM_CONVERSION = YES;
				CLANG_WARN_INFINITE_RECURSION = YES;
				CLANG_WARN_INT_CONVERSION = YES;
				CLANG_WARN_NON_LITERAL_NULL_CONVERSION = YES;
				CLANG_WARN_OBJC_IMPLICIT_RETAIN_SELF = YES;
				CLANG_WARN_OBJC_LITERAL_CONVERSION = YES;
				CLANG_WARN_OBJC_ROOT_CLASS = YES_ERROR;
				CLANG_WARN_QUOTED_INCLUDE_IN_FRAMEWORK_HEADER = YES;
				CLANG_WARN_RANGE_LOOP_ANALYSIS = YES;
				CLANG_WARN_STRICT_PROTOTYPES = YES;
				CLANG_WARN_SUSPICIOUS_MOVE = YES;
				CLANG_WARN_UNGUARDED_AVAILABILITY = YES_AGGRESSIVE;
				CLANG_WARN_UNREACHABLE_CODE = YES;
				CLANG_WARN__DUPLICATE_METHOD_MATCH = YES;
				COPY_PHASE_STRIP = NO;
				DEBUG_INFORMATION_FORMAT = dwarf;
				ENABLE_STRICT_OBJC_MSGSEND = YES;
				ENABLE_TESTABILITY = YES;
				GCC_C_LANGUAGE_STANDARD = gnu11;
				GCC_DYNAMIC_NO_PIC = NO;
				GCC_NO_COMMON_BLOCKS = YES;
				GCC_OPTIMIZATION_LEVEL = 0;
				GCC_PREPROCESSOR_DEFINITIONS = (
					"DEBUG=1",
					"$(inherited)",
				);
				GCC_WARN_64_TO_32_BIT_CONVERSION = YES;
				GCC_WARN_ABOUT_RETURN_TYPE = YES_ERROR;
				GCC_WARN_UNDECLARED_SELECTOR = YES;
				GCC_WARN_UNINITIALIZED_AUTOS = YES_AGGRESSIVE;
				GCC_WARN_UNUSED_FUNCTION = YES;
				GCC_WARN_UNUSED_VARIABLE = YES;
				IPHONEOS_DEPLOYMENT_TARGET = 14.2;
				MTL_ENABLE_DEBUG_INFO = INCLUDE_SOURCE;
				MTL_FAST_MATH = YES;
				ONLY_ACTIVE_ARCH = YES;
				SDKROOT = iphoneos;
				SWIFT_ACTIVE_COMPILATION_CONDITIONS = DEBUG;
				SWIFT_OPTIMIZATION_LEVEL = "-Onone";
			};
			name = Debug;
		};
		865A56FF2614289F00D0ED66 /* Release */ = {
			isa = XCBuildConfiguration;
			buildSettings = {
				ALWAYS_SEARCH_USER_PATHS = NO;
				CLANG_ANALYZER_NONNULL = YES;
				CLANG_ANALYZER_NUMBER_OBJECT_CONVERSION = YES_AGGRESSIVE;
				CLANG_CXX_LANGUAGE_STANDARD = "gnu++14";
				CLANG_CXX_LIBRARY = "libc++";
				CLANG_ENABLE_MODULES = YES;
				CLANG_ENABLE_OBJC_ARC = YES;
				CLANG_ENABLE_OBJC_WEAK = YES;
				CLANG_WARN_BLOCK_CAPTURE_AUTORELEASING = YES;
				CLANG_WARN_BOOL_CONVERSION = YES;
				CLANG_WARN_COMMA = YES;
				CLANG_WARN_CONSTANT_CONVERSION = YES;
				CLANG_WARN_DEPRECATED_OBJC_IMPLEMENTATIONS = YES;
				CLANG_WARN_DIRECT_OBJC_ISA_USAGE = YES_ERROR;
				CLANG_WARN_DOCUMENTATION_COMMENTS = YES;
				CLANG_WARN_EMPTY_BODY = YES;
				CLANG_WARN_ENUM_CONVERSION = YES;
				CLANG_WARN_INFINITE_RECURSION = YES;
				CLANG_WARN_INT_CONVERSION = YES;
				CLANG_WARN_NON_LITERAL_NULL_CONVERSION = YES;
				CLANG_WARN_OBJC_IMPLICIT_RETAIN_SELF = YES;
				CLANG_WARN_OBJC_LITERAL_CONVERSION = YES;
				CLANG_WARN_OBJC_ROOT_CLASS = YES_ERROR;
				CLANG_WARN_QUOTED_INCLUDE_IN_FRAMEWORK_HEADER = YES;
				CLANG_WARN_RANGE_LOOP_ANALYSIS = YES;
				CLANG_WARN_STRICT_PROTOTYPES = YES;
				CLANG_WARN_SUSPICIOUS_MOVE = YES;
				CLANG_WARN_UNGUARDED_AVAILABILITY = YES_AGGRESSIVE;
				CLANG_WARN_UNREACHABLE_CODE = YES;
				CLANG_WARN__DUPLICATE_METHOD_MATCH = YES;
				COPY_PHASE_STRIP = NO;
				DEBUG_INFORMATION_FORMAT = "dwarf-with-dsym";
				ENABLE_NS_ASSERTIONS = NO;
				ENABLE_STRICT_OBJC_MSGSEND = YES;
				GCC_C_LANGUAGE_STANDARD = gnu11;
				GCC_NO_COMMON_BLOCKS = YES;
				GCC_WARN_64_TO_32_BIT_CONVERSION = YES;
				GCC_WARN_ABOUT_RETURN_TYPE = YES_ERROR;
				GCC_WARN_UNDECLARED_SELECTOR = YES;
				GCC_WARN_UNINITIALIZED_AUTOS = YES_AGGRESSIVE;
				GCC_WARN_UNUSED_FUNCTION = YES;
				GCC_WARN_UNUSED_VARIABLE = YES;
				IPHONEOS_DEPLOYMENT_TARGET = 14.2;
				MTL_ENABLE_DEBUG_INFO = NO;
				MTL_FAST_MATH = YES;
				SDKROOT = iphoneos;
				SWIFT_COMPILATION_MODE = wholemodule;
				SWIFT_OPTIMIZATION_LEVEL = "-O";
				VALIDATE_PRODUCT = YES;
			};
			name = Release;
		};
		865A57012614289F00D0ED66 /* Debug */ = {
			isa = XCBuildConfiguration;
			baseConfigurationReference = 88624228FEB8FCF3853C0E42 /* Pods-KLNativeAddFlutter.debug.xcconfig */;
			buildSettings = {
				ASSETCATALOG_COMPILER_APPICON_NAME = AppIcon;
				ASSETCATALOG_COMPILER_GLOBAL_ACCENT_COLOR_NAME = AccentColor;
				CODE_SIGN_STYLE = Automatic;
				DEVELOPMENT_TEAM = QQB63XMAA9;
				INFOPLIST_FILE = KLNativeAddFlutter/Info.plist;
				LD_RUNPATH_SEARCH_PATHS = (
					"$(inherited)",
					"@executable_path/Frameworks",
				);
				PRODUCT_BUNDLE_IDENTIFIER = ray.KLNativeAddFlutter;
				PRODUCT_NAME = "$(TARGET_NAME)";
				SWIFT_VERSION = 5.0;
				TARGETED_DEVICE_FAMILY = "1,2";
			};
			name = Debug;
		};
		865A57022614289F00D0ED66 /* Release */ = {
			isa = XCBuildConfiguration;
			baseConfigurationReference = AEBD1A4484C2A7D5E9F58029 /* Pods-KLNativeAddFlutter.release.xcconfig */;
			buildSettings = {
				ASSETCATALOG_COMPILER_APPICON_NAME = AppIcon;
				ASSETCATALOG_COMPILER_GLOBAL_ACCENT_COLOR_NAME = AccentColor;
				CODE_SIGN_STYLE = Automatic;
				DEVELOPMENT_TEAM = QQB63XMAA9;
				INFOPLIST_FILE = KLNativeAddFlutter/Info.plist;
				LD_RUNPATH_SEARCH_PATHS = (
					"$(inherited)",
					"@executable_path/Frameworks",
				);
				PRODUCT_BUNDLE_IDENTIFIER = ray.KLNativeAddFlutter;
				PRODUCT_NAME = "$(TARGET_NAME)";
				SWIFT_VERSION = 5.0;
				TARGETED_DEVICE_FAMILY = "1,2";
			};
			name = Release;
		};
/* End XCBuildConfiguration section */

/* Begin XCConfigurationList section */
		865A56E72614289C00D0ED66 /* Build configuration list for PBXProject "KLNativeAddFlutter" */ = {
			isa = XCConfigurationList;
			buildConfigurations = (
				865A56FE2614289F00D0ED66 /* Debug */,
				865A56FF2614289F00D0ED66 /* Release */,
			);
			defaultConfigurationIsVisible = 0;
			defaultConfigurationName = Release;
		};
		865A57002614289F00D0ED66 /* Build configuration list for PBXNativeTarget "KLNativeAddFlutter" */ = {
			isa = XCConfigurationList;
			buildConfigurations = (
				865A57012614289F00D0ED66 /* Debug */,
				865A57022614289F00D0ED66 /* Release */,
			);
			defaultConfigurationIsVisible = 0;
			defaultConfigurationName = Release;
		};
/* End XCConfigurationList section */
	};
	rootObject = 865A56E42614289C00D0ED66 /* Project object */;
}
